
Microsoft Visual Studio Solution File, Format Version 12.00
# Visual Studio 15
VisualStudioVersion = 15.0.27004.2006
MinimumVisualStudioVersion = 10.0.40219.1
Project("{9092AA53-FB77-4645-B42D-1CCCA6BD08BD}") = "GeneticSVG", "GeneticSVG\GeneticSVG.njsproj", "{4D9B08A0-8BD0-46CB-8944-F3E9F01AC0FF}"
EndProject
Global
	GlobalSection(SolutionConfigurationPlatforms) = preSolution
		Debug|Any CPU = Debug|Any CPU
		Release|Any CPU = Release|Any CPU
	EndGlobalSection
	GlobalSection(ProjectConfigurationPlatforms) = postSolution
		{4D9B08A0-8BD0-46CB-8944-F3E9F01AC0FF}.Debug|Any CPU.ActiveCfg = Debug|Any CPU
		{4D9B08A0-8BD0-46CB-8944-F3E9F01AC0FF}.Debug|Any CPU.Build.0 = Debug|Any CPU
		{4D9B08A0-8BD0-46CB-8944-F3E9F01AC0FF}.Release|Any CPU.ActiveCfg = Release|Any CPU
		{4D9B08A0-8BD0-46CB-8944-F3E9F01AC0FF}.Release|Any CPU.Build.0 = Release|Any CPU
	EndGlobalSection
	GlobalSection(SolutionProperties) = preSolution
		HideSolutionNode = FALSE
	EndGlobalSection
	GlobalSection(ExtensibilityGlobals) = postSolution
		SolutionGuid = {E55C0585-7DAC-4DD4-974F-80DF58FB31E4}
	EndGlobalSection
EndGlobal
